
Microsoft Visual Studio Solution File, Format Version 12.00
# Visual Studio 15
Project("{FAE04EC0-301F-11D3-BF4B-00C04F79EFBC}") = "Assembly-CSharp", "Assembly-CSharp.csproj", "{5BE1F106-3559-9D7E-AFC7-CBFB1AE5894A}"
EndProject
Project("{FAE04EC0-301F-11D3-BF4B-00C04F79EFBC}") = "Unity.XR.PICO", "Unity.XR.PICO.csproj", "{9CF5B4F2-BBD3-3091-497E-E2819C1840D3}"
EndProject
Project("{FAE04EC0-301F-11D3-BF4B-00C04F79EFBC}") = "Pico.Spatializer.Example", "Pico.Spatializer.Example.csproj", "{EA05AD66-FC65-8FA8-0621-51BA76CF8B3F}"
EndProject
Project("{FAE04EC0-301F-11D3-BF4B-00C04F79EFBC}") = "Pico.Spatializer", "Pico.Spatializer.csproj", "{032055BE-0AC9-5DD8-1B4B-4A1C30B69F9E}"
EndProject
Project("{FAE04EC0-301F-11D3-BF4B-00C04F79EFBC}") = "PICO.Platform", "PICO.Platform.csproj", "{4DAE724B-68DD-D3E8-DDA8-C14D766199C6}"
EndProject
Project("{FAE04EC0-301F-11D3-BF4B-00C04F79EFBC}") = "PICO.TobSupport", "PICO.TobSupport.csproj", "{3BD65B8E-7F34-2331-6623-F77471AF45BB}"
EndProject
Project("{FAE04EC0-301F-11D3-BF4B-00C04F79EFBC}") = "Unity.XR.PICO.Editor", "Unity.XR.PICO.Editor.csproj", "{9E8E0873-B3F6-CA62-26D3-1A15D8A0EF98}"
EndProject
Project("{FAE04EC0-301F-11D3-BF4B-00C04F79EFBC}") = "PICO.Platform.Editor", "PICO.Platform.Editor.csproj", "{7724C9B8-C0A6-E418-61DB-3FB17C62298F}"
EndProject
Project("{FAE04EC0-301F-11D3-BF4B-00C04F79EFBC}") = "Unity.XR.Interaction.Toolkit.Samples.DeviceSimulator", "Unity.XR.Interaction.Toolkit.Samples.DeviceSimulator.csproj", "{1B7615DD-ABBF-A2FC-FFB6-FD19FA2BEA10}"
EndProject
Project("{FAE04EC0-301F-11D3-BF4B-00C04F79EFBC}") = "Unity.XR.Interaction.Toolkit.Samples.StarterAssets", "Unity.XR.Interaction.Toolkit.Samples.StarterAssets.csproj", "{988A8699-4A08-A88A-A794-88E5FB74D4DD}"
EndProject
Project("{FAE04EC0-301F-11D3-BF4B-00C04F79EFBC}") = "Pico.Spatializer.Editor", "Pico.Spatializer.Editor.csproj", "{BEA006D7-8A6F-8114-6B7A-407F8F3CA2FA}"
EndProject
Project("{FAE04EC0-301F-11D3-BF4B-00C04F79EFBC}") = "Assembly-CSharp-Editor", "Assembly-CSharp-Editor.csproj", "{3A6742BA-2AC4-92B4-0FC2-7CFF4EA78F24}"
EndProject
Project("{FAE04EC0-301F-11D3-BF4B-00C04F79EFBC}") = "Unity.XR.Interaction.Toolkit.Samples.StarterAssets.Editor", "Unity.XR.Interaction.Toolkit.Samples.StarterAssets.Editor.csproj", "{6CC66E94-4EFF-A2BB-EB8F-9479635E4FF5}"
EndProject
Global
	GlobalSection(SolutionConfigurationPlatforms) = preSolution
		Debug|Any CPU = Debug|Any CPU
		Release|Any CPU = Release|Any CPU
	EndGlobalSection
	GlobalSection(ProjectConfigurationPlatforms) = postSolution
		{5BE1F106-3559-9D7E-AFC7-CBFB1AE5894A}.Debug|Any CPU.ActiveCfg = Debug|Any CPU
		{5BE1F106-3559-9D7E-AFC7-CBFB1AE5894A}.Debug|Any CPU.Build.0 = Debug|Any CPU
		{5BE1F106-3559-9D7E-AFC7-CBFB1AE5894A}.Release|Any CPU.ActiveCfg = Release|Any CPU
		{5BE1F106-3559-9D7E-AFC7-CBFB1AE5894A}.Release|Any CPU.Build.0 = Release|Any CPU
		{9CF5B4F2-BBD3-3091-497E-E2819C1840D3}.Debug|Any CPU.ActiveCfg = Debug|Any CPU
		{9CF5B4F2-BBD3-3091-497E-E2819C1840D3}.Debug|Any CPU.Build.0 = Debug|Any CPU
		{9CF5B4F2-BBD3-3091-497E-E2819C1840D3}.Release|Any CPU.ActiveCfg = Release|Any CPU
		{9CF5B4F2-BBD3-3091-497E-E2819C1840D3}.Release|Any CPU.Build.0 = Release|Any CPU
		{EA05AD66-FC65-8FA8-0621-51BA76CF8B3F}.Debug|Any CPU.ActiveCfg = Debug|Any CPU
		{EA05AD66-FC65-8FA8-0621-51BA76CF8B3F}.Debug|Any CPU.Build.0 = Debug|Any CPU
		{EA05AD66-FC65-8FA8-0621-51BA76CF8B3F}.Release|Any CPU.ActiveCfg = Release|Any CPU
		{EA05AD66-FC65-8FA8-0621-51BA76CF8B3F}.Release|Any CPU.Build.0 = Release|Any CPU
		{032055BE-0AC9-5DD8-1B4B-4A1C30B69F9E}.Debug|Any CPU.ActiveCfg = Debug|Any CPU
		{032055BE-0AC9-5DD8-1B4B-4A1C30B69F9E}.Debug|Any CPU.Build.0 = Debug|Any CPU
		{032055BE-0AC9-5DD8-1B4B-4A1C30B69F9E}.Release|Any CPU.ActiveCfg = Release|Any CPU
		{032055BE-0AC9-5DD8-1B4B-4A1C30B69F9E}.Release|Any CPU.Build.0 = Release|Any CPU
		{4DAE724B-68DD-D3E8-DDA8-C14D766199C6}.Debug|Any CPU.ActiveCfg = Debug|Any CPU
		{4DAE724B-68DD-D3E8-DDA8-C14D766199C6}.Debug|Any CPU.Build.0 = Debug|Any CPU
		{4DAE724B-68DD-D3E8-DDA8-C14D766199C6}.Release|Any CPU.ActiveCfg = Release|Any CPU
		{4DAE724B-68DD-D3E8-DDA8-C14D766199C6}.Release|Any CPU.Build.0 = Release|Any CPU
		{3BD65B8E-7F34-2331-6623-F77471AF45BB}.Debug|Any CPU.ActiveCfg = Debug|Any CPU
		{3BD65B8E-7F34-2331-6623-F77471AF45BB}.Debug|Any CPU.Build.0 = Debug|Any CPU
		{3BD65B8E-7F34-2331-6623-F77471AF45BB}.Release|Any CPU.ActiveCfg = Release|Any CPU
		{3BD65B8E-7F34-2331-6623-F77471AF45BB}.Release|Any CPU.Build.0 = Release|Any CPU
		{9E8E0873-B3F6-CA62-26D3-1A15D8A0EF98}.Debug|Any CPU.ActiveCfg = Debug|Any CPU
		{9E8E0873-B3F6-CA62-26D3-1A15D8A0EF98}.Debug|Any CPU.Build.0 = Debug|Any CPU
		{9E8E0873-B3F6-CA62-26D3-1A15D8A0EF98}.Release|Any CPU.ActiveCfg = Release|Any CPU
		{9E8E0873-B3F6-CA62-26D3-1A15D8A0EF98}.Release|Any CPU.Build.0 = Release|Any CPU
		{7724C9B8-C0A6-E418-61DB-3FB17C62298F}.Debug|Any CPU.ActiveCfg = Debug|Any CPU
		{7724C9B8-C0A6-E418-61DB-3FB17C62298F}.Debug|Any CPU.Build.0 = Debug|Any CPU
		{7724C9B8-C0A6-E418-61DB-3FB17C62298F}.Release|Any CPU.ActiveCfg = Release|Any CPU
		{7724C9B8-C0A6-E418-61DB-3FB17C62298F}.Release|Any CPU.Build.0 = Release|Any CPU
		{1B7615DD-ABBF-A2FC-FFB6-FD19FA2BEA10}.Debug|Any CPU.ActiveCfg = Debug|Any CPU
		{1B7615DD-ABBF-A2FC-FFB6-FD19FA2BEA10}.Debug|Any CPU.Build.0 = Debug|Any CPU
		{1B7615DD-ABBF-A2FC-FFB6-FD19FA2BEA10}.Release|Any CPU.ActiveCfg = Release|Any CPU
		{1B7615DD-ABBF-A2FC-FFB6-FD19FA2BEA10}.Release|Any CPU.Build.0 = Release|Any CPU
		{988A8699-4A08-A88A-A794-88E5FB74D4DD}.Debug|Any CPU.ActiveCfg = Debug|Any CPU
		{988A8699-4A08-A88A-A794-88E5FB74D4DD}.Debug|Any CPU.Build.0 = Debug|Any CPU
		{988A8699-4A08-A88A-A794-88E5FB74D4DD}.Release|Any CPU.ActiveCfg = Release|Any CPU
		{988A8699-4A08-A88A-A794-88E5FB74D4DD}.Release|Any CPU.Build.0 = Release|Any CPU
		{BEA006D7-8A6F-8114-6B7A-407F8F3CA2FA}.Debug|Any CPU.ActiveCfg = Debug|Any CPU
		{BEA006D7-8A6F-8114-6B7A-407F8F3CA2FA}.Debug|Any CPU.Build.0 = Debug|Any CPU
		{BEA006D7-8A6F-8114-6B7A-407F8F3CA2FA}.Release|Any CPU.ActiveCfg = Release|Any CPU
		{BEA006D7-8A6F-8114-6B7A-407F8F3CA2FA}.Release|Any CPU.Build.0 = Release|Any CPU
		{3A6742BA-2AC4-92B4-0FC2-7CFF4EA78F24}.Debug|Any CPU.ActiveCfg = Debug|Any CPU
		{3A6742BA-2AC4-92B4-0FC2-7CFF4EA78F24}.Debug|Any CPU.Build.0 = Debug|Any CPU
		{3A6742BA-2AC4-92B4-0FC2-7CFF4EA78F24}.Release|Any CPU.ActiveCfg = Release|Any CPU
		{3A6742BA-2AC4-92B4-0FC2-7CFF4EA78F24}.Release|Any CPU.Build.0 = Release|Any CPU
		{6CC66E94-4EFF-A2BB-EB8F-9479635E4FF5}.Debug|Any CPU.ActiveCfg = Debug|Any CPU
		{6CC66E94-4EFF-A2BB-EB8F-9479635E4FF5}.Debug|Any CPU.Build.0 = Debug|Any CPU
		{6CC66E94-4EFF-A2BB-EB8F-9479635E4FF5}.Release|Any CPU.ActiveCfg = Release|Any CPU
		{6CC66E94-4EFF-A2BB-EB8F-9479635E4FF5}.Release|Any CPU.Build.0 = Release|Any CPU
	EndGlobalSection
	GlobalSection(SolutionProperties) = preSolution
		HideSolutionNode = FALSE
	EndGlobalSection
EndGlobal
